PODS:
  - Mapbox-iOS-SDK (4.5.0)

DEPENDENCIES:
  - Mapbox-iOS-SDK (~> 4.5)

SPEC REPOS:
  https://github.com/cocoapods/specs.git:
    - Mapbox-iOS-SDK

SPEC CHECKSUMS:
  Mapbox-iOS-SDK: fb9dde66106a8f10d351f9697ac198049c8e5511

PODFILE CHECKSUM: 7e906f4b22ad2afc19839c383b8b6bd952070a2e

COCOAPODS: 1.5.3
